// !$*UTF8*$!
{
	archiveVersion = 1;
	classes = {
	};
	objectVersion = 77;
	objects = {

/* Begin PBXBuildFile section */
		AA05A62C2D36297C004EF7BD /* vokabular Watch App.app in Embed Watch Content */ = {isa = PBXBuildFile; fileRef = AA05A62B2D36297C004EF7BD /* vokabular Watch App.app */; settings = {ATTRIBUTES = (RemoveHeadersOnCopy, ); }; };
/* End PBXBuildFile section */

/* Begin PBXContainerItemProxy section */
		AA05A62D2D36297C004EF7BD /* PBXContainerItemProxy */ = {
			isa = PBXContainerItemProxy;
			containerPortal = AA05A61F2D36297C004EF7BD /* Project object */;
			proxyType = 1;
			remoteGlobalIDString = AA05A62A2D36297C004EF7BD;
			remoteInfo = "vokabular Watch App";
		};
		AA05A63E2D36297E004EF7BD /* PBXContainerItemProxy */ = {
			isa = PBXContainerItemProxy;
			containerPortal = AA05A61F2D36297C004EF7BD /* Project object */;
			proxyType = 1;
			remoteGlobalIDString = AA05A62A2D36297C004EF7BD;
			remoteInfo = "vokabular Watch App";
		};
		AA05A6482D36297E004EF7BD /* PBXContainerItemProxy */ = {
			isa = PBXContainerItemProxy;
			containerPortal = AA05A61F2D36297C004EF7BD /* Project object */;
			proxyType = 1;
			remoteGlobalIDString = AA05A62A2D36297C004EF7BD;
			remoteInfo = "vokabular Watch App";
		};
/* End PBXContainerItemProxy section */

/* Begin PBXCopyFilesBuildPhase section */
		AA05A6542D36297E004EF7BD /* Embed Watch Content */ = {
			isa = PBXCopyFilesBuildPhase;
			buildActionMask = 2147483647;
			dstPath = "$(CONTENTS_FOLDER_PATH)/Watch";
			dstSubfolderSpec = 16;
			files = (
				AA05A62C2D36297C004EF7BD /* vokabular Watch App.app in Embed Watch Content */,
			);
			name = "Embed Watch Content";
			runOnlyForDeploymentPostprocessing = 0;
		};
/* End PBXCopyFilesBuildPhase section */

/* Begin PBXFileReference section */
		AA05A6252D36297C004EF7BD /* vokabular.app */ = {isa = PBXFileReference; explicitFileType = wrapper.application; includeInIndex = 0; path = vokabular.app; sourceTree = BUILT_PRODUCTS_DIR; };
		AA05A62B2D36297C004EF7BD /* vokabular Watch App.app */ = {isa = PBXFileReference; explicitFileType = wrapper.application; includeInIndex = 0; path = "vokabular Watch App.app"; sourceTree = BUILT_PRODUCTS_DIR; };
		AA05A63D2D36297E004EF7BD /* vokabular Watch AppTests.xctest */ = {isa = PBXFileReference; explicitFileType = wrapper.cfbundle; includeInIndex = 0; path = "vokabular Watch AppTests.xctest"; sourceTree = BUILT_PRODUCTS_DIR; };
		AA05A6472D36297E004EF7BD /* vokabular Watch AppUITests.xctest */ = {isa = PBXFileReference; explicitFileType = wrapper.cfbundle; includeInIndex = 0; path = "vokabular Watch AppUITests.xctest"; sourceTree = BUILT_PRODUCTS_DIR; };
/* End PBXFileReference section */

/* Begin PBXFileSystemSynchronizedRootGroup section */
		AA05A62F2D36297C004EF7BD /* vokabular Watch App */ = {
			isa = PBXFileSystemSynchronizedRootGroup;
			path = "vokabular Watch App";
			sourceTree = "<group>";
		};
		AA05A6402D36297E004EF7BD /* vokabular Watch AppTests */ = {
			isa = PBXFileSystemSynchronizedRootGroup;
			path = "vokabular Watch AppTests";
			sourceTree = "<group>";
		};
		AA05A64A2D36297E004EF7BD /* vokabular Watch AppUITests */ = {
			isa = PBXFileSystemSynchronizedRootGroup;
			path = "vokabular Watch AppUITests";
			sourceTree = "<group>";
		};
/* End PBXFileSystemSynchronizedRootGroup section */

/* Begin PBXFrameworksBuildPhase section */
		AA05A6282D36297C004EF7BD /* Frameworks */ = {
			isa = PBXFrameworksBuildPhase;
			buildActionMask = 2147483647;
			files = (
			);
			runOnlyForDeploymentPostprocessing = 0;
		};
		AA05A63A2D36297E004EF7BD /* Frameworks */ = {
			isa = PBXFrameworksBuildPhase;
			buildActionMask = 2147483647;
			files = (
			);
			runOnlyForDeploymentPostprocessing = 0;
		};
		AA05A6442D36297E004EF7BD /* Frameworks */ = {
			isa = PBXFrameworksBuildPhase;
			buildActionMask = 2147483647;
			files = (
			);
			runOnlyForDeploymentPostprocessing = 0;
		};
/* End PBXFrameworksBuildPhase section */

/* Begin PBXGroup section */
		AA05A61E2D36297C004EF7BD = {
			isa = PBXGroup;
			children = (
				AA05A62F2D36297C004EF7BD /* vokabular Watch App */,
				AA05A6402D36297E004EF7BD /* vokabular Watch AppTests */,
				AA05A64A2D36297E004EF7BD /* vokabular Watch AppUITests */,
				AA05A6262D36297C004EF7BD /* Products */,
			);
			sourceTree = "<group>";
		};
		AA05A6262D36297C004EF7BD /* Products */ = {
			isa = PBXGroup;
			children = (
				AA05A6252D36297C004EF7BD /* vokabular.app */,
				AA05A62B2D36297C004EF7BD /* vokabular Watch App.app */,
				AA05A63D2D36297E004EF7BD /* vokabular Watch AppTests.xctest */,
				AA05A6472D36297E004EF7BD /* vokabular Watch AppUITests.xctest */,
			);
			name = Products;
			sourceTree = "<group>";
		};
/* End PBXGroup section */

/* Begin PBXNativeTarget section */
		AA05A6242D36297C004EF7BD /* vokabular */ = {
			isa = PBXNativeTarget;
			buildConfigurationList = AA05A6552D36297E004EF7BD /* Build configuration list for PBXNativeTarget "vokabular" */;
			buildPhases = (
				AA05A6232D36297C004EF7BD /* Resources */,
				AA05A6542D36297E004EF7BD /* Embed Watch Content */,
			);
			buildRules = (
			);
			dependencies = (
				AA05A62E2D36297C004EF7BD /* PBXTargetDependency */,
			);
			name = vokabular;
			packageProductDependencies = (
			);
			productName = vokabular;
			productReference = AA05A6252D36297C004EF7BD /* vokabular.app */;
			productType = "com.apple.product-type.application.watchapp2-container";
		};
		AA05A62A2D36297C004EF7BD /* vokabular Watch App */ = {
			isa = PBXNativeTarget;
			buildConfigurationList = AA05A6512D36297E004EF7BD /* Build configuration list for PBXNativeTarget "vokabular Watch App" */;
			buildPhases = (
				AA05A6272D36297C004EF7BD /* Sources */,
				AA05A6282D36297C004EF7BD /* Frameworks */,
				AA05A6292D36297C004EF7BD /* Resources */,
			);
			buildRules = (
			);
			dependencies = (
			);
			fileSystemSynchronizedGroups = (
				AA05A62F2D36297C004EF7BD /* vokabular Watch App */,
			);
			name = "vokabular Watch App";
			packageProductDependencies = (
			);
			productName = "vokabular Watch App";
			productReference = AA05A62B2D36297C004EF7BD /* vokabular Watch App.app */;
			productType = "com.apple.product-type.application";
		};
		AA05A63C2D36297E004EF7BD /* vokabular Watch AppTests */ = {
			isa = PBXNativeTarget;
			buildConfigurationList = AA05A6582D36297E004EF7BD /* Build configuration list for PBXNativeTarget "vokabular Watch AppTests" */;
			buildPhases = (
				AA05A6392D36297E004EF7BD /* Sources */,
				AA05A63A2D36297E004EF7BD /* Frameworks */,
				AA05A63B2D36297E004EF7BD /* Resources */,
			);
			buildRules = (
			);
			dependencies = (
				AA05A63F2D36297E004EF7BD /* PBXTargetDependency */,
			);
			fileSystemSynchronizedGroups = (
				AA05A6402D36297E004EF7BD /* vokabular Watch AppTests */,
			);
			name = "vokabular Watch AppTests";
			packageProductDependencies = (
			);
			productName = "vokabular Watch AppTests";
			productReference = AA05A63D2D36297E004EF7BD /* vokabular Watch AppTests.xctest */;
			productType = "com.apple.product-type.bundle.unit-test";
		};
		AA05A6462D36297E004EF7BD /* vokabular Watch AppUITests */ = {
			isa = PBXNativeTarget;
			buildConfigurationList = AA05A65B2D36297E004EF7BD /* Build configuration list for PBXNativeTarget "vokabular Watch AppUITests" */;
			buildPhases = (
				AA05A6432D36297E004EF7BD /* Sources */,
				AA05A6442D36297E004EF7BD /* Frameworks */,
				AA05A6452D36297E004EF7BD /* Resources */,
			);
			buildRules = (
			);
			dependencies = (
				AA05A6492D36297E004EF7BD /* PBXTargetDependency */,
			);
			fileSystemSynchronizedGroups = (
				AA05A64A2D36297E004EF7BD /* vokabular Watch AppUITests */,
			);
			name = "vokabular Watch AppUITests";
			packageProductDependencies = (
			);
			productName = "vokabular Watch AppUITests";
			productReference = AA05A6472D36297E004EF7BD /* vokabular Watch AppUITests.xctest */;
			productType = "com.apple.product-type.bundle.ui-testing";
		};
/* End PBXNativeTarget section */

/* Begin PBXProject section */
		AA05A61F2D36297C004EF7BD /* Project object */ = {
			isa = PBXProject;
			attributes = {
				BuildIndependentTargetsInParallel = 1;
				LastSwiftUpdateCheck = 1620;
				LastUpgradeCheck = 1620;
				TargetAttributes = {
					AA05A6242D36297C004EF7BD = {
						CreatedOnToolsVersion = 16.2;
					};
					AA05A62A2D36297C004EF7BD = {
						CreatedOnToolsVersion = 16.2;
					};
					AA05A63C2D36297E004EF7BD = {
						CreatedOnToolsVersion = 16.2;
						TestTargetID = AA05A62A2D36297C004EF7BD;
					};
					AA05A6462D36297E004EF7BD = {
						CreatedOnToolsVersion = 16.2;
						TestTargetID = AA05A62A2D36297C004EF7BD;
					};
				};
			};
			buildConfigurationList = AA05A6222D36297C004EF7BD /* Build configuration list for PBXProject "vokabular" */;
			developmentRegion = en;
			hasScannedForEncodings = 0;
			knownRegions = (
				en,
				Base,
			);
			mainGroup = AA05A61E2D36297C004EF7BD;
			minimizedProjectReferenceProxies = 1;
			preferredProjectObjectVersion = 77;
			productRefGroup = AA05A6262D36297C004EF7BD /* Products */;
			projectDirPath = "";
			projectRoot = "";
			targets = (
				AA05A6242D36297C004EF7BD /* vokabular */,
				AA05A62A2D36297C004EF7BD /* vokabular Watch App */,
				AA05A63C2D36297E004EF7BD /* vokabular Watch AppTests */,
				AA05A6462D36297E004EF7BD /* vokabular Watch AppUITests */,
			);
		};
/* End PBXProject section */

/* Begin PBXResourcesBuildPhase section */
		AA05A6232D36297C004EF7BD /* Resources */ = {
			isa = PBXResourcesBuildPhase;
			buildActionMask = 2147483647;
			files = (
			);
			runOnlyForDeploymentPostprocessing = 0;
		};
		AA05A6292D36297C004EF7BD /* Resources */ = {
			isa = PBXResourcesBuildPhase;
			buildActionMask = 2147483647;
			files = (
			);
			runOnlyForDeploymentPostprocessing = 0;
		};
		AA05A63B2D36297E004EF7BD /* Resources */ = {
			isa = PBXResourcesBuildPhase;
			buildActionMask = 2147483647;
			files = (
			);
			runOnlyForDeploymentPostprocessing = 0;
		};
		AA05A6452D36297E004EF7BD /* Resources */ = {
			isa = PBXResourcesBuildPhase;
			buildActionMask = 2147483647;
			files = (
			);
			runOnlyForDeploymentPostprocessing = 0;
		};
/* End PBXResourcesBuildPhase section */

/* Begin PBXSourcesBuildPhase section */
		AA05A6272D36297C004EF7BD /* Sources */ = {
			isa = PBXSourcesBuildPhase;
			buildActionMask = 2147483647;
			files = (
			);
			runOnlyForDeploymentPostprocessing = 0;
		};
		AA05A6392D36297E004EF7BD /* Sources */ = {
			isa = PBXSourcesBuildPhase;
			buildActionMask = 2147483647;
			files = (
			);
			runOnlyForDeploymentPostprocessing = 0;
		};
		AA05A6432D36297E004EF7BD /* Sources */ = {
			isa = PBXSourcesBuildPhase;
			buildActionMask = 2147483647;
			files = (
			);
			runOnlyForDeploymentPostprocessing = 0;
		};
/* End PBXSourcesBuildPhase section */

/* Begin PBXTargetDependency section */
		AA05A62E2D36297C004EF7BD /* PBXTargetDependency */ = {
			isa = PBXTargetDependency;
			target = AA05A62A2D36297C004EF7BD /* vokabular Watch App */;
			targetProxy = AA05A62D2D36297C004EF7BD /* PBXContainerItemProxy */;
		};
		AA05A63F2D36297E004EF7BD /* PBXTargetDependency */ = {
			isa = PBXTargetDependency;
			target = AA05A62A2D36297C004EF7BD /* vokabular Watch App */;
			targetProxy = AA05A63E2D36297E004EF7BD /* PBXContainerItemProxy */;
		};
		AA05A6492D36297E004EF7BD /* PBXTargetDependency */ = {
			isa = PBXTargetDependency;
			target = AA05A62A2D36297C004EF7BD /* vokabular Watch App */;
			targetProxy = AA05A6482D36297E004EF7BD /* PBXContainerItemProxy */;
		};
/* End PBXTargetDependency section */

/* Begin XCBuildConfiguration section */
		AA05A64F2D36297E004EF7BD /* Debug */ = {
			isa = XCBuildConfiguration;
			buildSettings = {
				ALWAYS_SEARCH_USER_PATHS = NO;
				ASSETCATALOG_COMPILER_GENERATE_SWIFT_ASSET_SYMBOL_EXTENSIONS = YES;
				CLANG_ANALYZER_NONNULL = YES;
				CLANG_ANALYZER_NUMBER_OBJECT_CONVERSION = YES_AGGRESSIVE;
				CLANG_CXX_LANGUAGE_STANDARD = "gnu++20";
				CLANG_ENABLE_MODULES = YES;
				CLANG_ENABLE_OBJC_ARC = YES;
				CLANG_ENABLE_OBJC_WEAK = YES;
				CLANG_WARN_BLOCK_CAPTURE_AUTORELEASING = YES;
				CLANG_WARN_BOOL_CONVERSION = YES;
				CLANG_WARN_COMMA = YES;
				CLANG_WARN_CONSTANT_CONVERSION = YES;
				CLANG_WARN_DEPRECATED_OBJC_IMPLEMENTATIONS = YES;
				CLANG_WARN_DIRECT_OBJC_ISA_USAGE = YES_ERROR;
				CLANG_WARN_DOCUMENTATION_COMMENTS = YES;
				CLANG_WARN_EMPTY_BODY = YES;
				CLANG_WARN_ENUM_CONVERSION = YES;
				CLANG_WARN_INFINITE_RECURSION = YES;
				CLANG_WARN_INT_CONVERSION = YES;
				CLANG_WARN_NON_LITERAL_NULL_CONVERSION = YES;
				CLANG_WARN_OBJC_IMPLICIT_RETAIN_SELF = YES;
				CLANG_WARN_OBJC_LITERAL_CONVERSION = YES;
				CLANG_WARN_OBJC_ROOT_CLASS = YES_ERROR;
				CLANG_WARN_QUOTED_INCLUDE_IN_FRAMEWORK_HEADER = YES;
				CLANG_WARN_RANGE_LOOP_ANALYSIS = YES;
				CLANG_WARN_STRICT_PROTOTYPES = YES;
				CLANG_WARN_SUSPICIOUS_MOVE = YES;
				CLANG_WARN_UNGUARDED_AVAILABILITY = YES_AGGRESSIVE;
				CLANG_WARN_UNREACHABLE_CODE = YES;
				CLANG_WARN__DUPLICATE_METHOD_MATCH = YES;
				COPY_PHASE_STRIP = NO;
				DEBUG_INFORMATION_FORMAT = dwarf;
				ENABLE_STRICT_OBJC_MSGSEND = YES;
				ENABLE_TESTABILITY = YES;
				ENABLE_USER_SCRIPT_SANDBOXING = YES;
				GCC_C_LANGUAGE_STANDARD = gnu17;
				GCC_DYNAMIC_NO_PIC = NO;
				GCC_NO_COMMON_BLOCKS = YES;
				GCC_OPTIMIZATION_LEVEL = 0;
				GCC_PREPROCESSOR_DEFINITIONS = (
					"DEBUG=1",
					"$(inherited)",
				);
				GCC_WARN_64_TO_32_BIT_CONVERSION = YES;
				GCC_WARN_ABOUT_RETURN_TYPE = YES_ERROR;
				GCC_WARN_UNDECLARED_SELECTOR = YES;
				GCC_WARN_UNINITIALIZED_AUTOS = YES_AGGRESSIVE;
				GCC_WARN_UNUSED_FUNCTION = YES;
				GCC_WARN_UNUSED_VARIABLE = YES;
				LOCALIZATION_PREFERS_STRING_CATALOGS = YES;
				MTL_ENABLE_DEBUG_INFO = INCLUDE_SOURCE;
				MTL_FAST_MATH = YES;
				ONLY_ACTIVE_ARCH = YES;
				SWIFT_ACTIVE_COMPILATION_CONDITIONS = "DEBUG $(inherited)";
				SWIFT_OPTIMIZATION_LEVEL = "-Onone";
			};
			name = Debug;
		};
		AA05A6502D36297E004EF7BD /* Release */ = {
			isa = XCBuildConfiguration;
			buildSettings = {
				ALWAYS_SEARCH_USER_PATHS = NO;
				ASSETCATALOG_COMPILER_GENERATE_SWIFT_ASSET_SYMBOL_EXTENSIONS = YES;
				CLANG_ANALYZER_NONNULL = YES;
				CLANG_ANALYZER_NUMBER_OBJECT_CONVERSION = YES_AGGRESSIVE;
				CLANG_CXX_LANGUAGE_STANDARD = "gnu++20";
				CLANG_ENABLE_MODULES = YES;
				CLANG_ENABLE_OBJC_ARC = YES;
				CLANG_ENABLE_OBJC_WEAK = YES;
				CLANG_WARN_BLOCK_CAPTURE_AUTORELEASING = YES;
				CLANG_WARN_BOOL_CONVERSION = YES;
				CLANG_WARN_COMMA = YES;
				CLANG_WARN_CONSTANT_CONVERSION = YES;
				CLANG_WARN_DEPRECATED_OBJC_IMPLEMENTATIONS = YES;
				CLANG_WARN_DIRECT_OBJC_ISA_USAGE = YES_ERROR;
				CLANG_WARN_DOCUMENTATION_COMMENTS = YES;
				CLANG_WARN_EMPTY_BODY = YES;
				CLANG_WARN_ENUM_CONVERSION = YES;
				CLANG_WARN_INFINITE_RECURSION = YES;
				CLANG_WARN_INT_CONVERSION = YES;
				CLANG_WARN_NON_LITERAL_NULL_CONVERSION = YES;
				CLANG_WARN_OBJC_IMPLICIT_RETAIN_SELF = YES;
				CLANG_WARN_OBJC_LITERAL_CONVERSION = YES;
				CLANG_WARN_OBJC_ROOT_CLASS = YES_ERROR;
				CLANG_WARN_QUOTED_INCLUDE_IN_FRAMEWORK_HEADER = YES;
				CLANG_WARN_RANGE_LOOP_ANALYSIS = YES;
				CLANG_WARN_STRICT_PROTOTYPES = YES;
				CLANG_WARN_SUSPICIOUS_MOVE = YES;
				CLANG_WARN_UNGUARDED_AVAILABILITY = YES_AGGRESSIVE;
				CLANG_WARN_UNREACHABLE_CODE = YES;
				CLANG_WARN__DUPLICATE_METHOD_MATCH = YES;
				COPY_PHASE_STRIP = NO;
				DEBUG_INFORMATION_FORMAT = "dwarf-with-dsym";
				ENABLE_NS_ASSERTIONS = NO;
				ENABLE_STRICT_OBJC_MSGSEND = YES;
				ENABLE_USER_SCRIPT_SANDBOXING = YES;
				GCC_C_LANGUAGE_STANDARD = gnu17;
				GCC_NO_COMMON_BLOCKS = YES;
				GCC_WARN_64_TO_32_BIT_CONVERSION = YES;
				GCC_WARN_ABOUT_RETURN_TYPE = YES_ERROR;
				GCC_WARN_UNDECLARED_SELECTOR = YES;
				GCC_WARN_UNINITIALIZED_AUTOS = YES_AGGRESSIVE;
				GCC_WARN_UNUSED_FUNCTION = YES;
				GCC_WARN_UNUSED_VARIABLE = YES;
				LOCALIZATION_PREFERS_STRING_CATALOGS = YES;
				MTL_ENABLE_DEBUG_INFO = NO;
				MTL_FAST_MATH = YES;
				SWIFT_COMPILATION_MODE = wholemodule;
			};
			name = Release;
		};
		AA05A6522D36297E004EF7BD /* Debug */ = {
			isa = XCBuildConfiguration;
			buildSettings = {
				ASSETCATALOG_COMPILER_APPICON_NAME = AppIcon;
				ASSETCATALOG_COMPILER_GLOBAL_ACCENT_COLOR_NAME = AccentColor;
				CODE_SIGN_STYLE = Automatic;
				CURRENT_PROJECT_VERSION = 1;
				DEVELOPMENT_ASSET_PATHS = "\"vokabular Watch App/Preview Content\"";
				DEVELOPMENT_TEAM = TUM2AVRA9B;
				ENABLE_PREVIEWS = YES;
				GENERATE_INFOPLIST_FILE = YES;
				INFOPLIST_KEY_CFBundleDisplayName = vokabular;
				INFOPLIST_KEY_UISupportedInterfaceOrientations = "UIInterfaceOrientationPortrait UIInterfaceOrientationPortraitUpsideDown";
				INFOPLIST_KEY_WKWatchOnly = YES;
				LD_RUNPATH_SEARCH_PATHS = (
					"$(inherited)",
					"@executable_path/Frameworks",
				);
				MARKETING_VERSION = 1.0;
				PRODUCT_BUNDLE_IDENTIFIER = vokabular.vokabular.watchkitapp;
				PRODUCT_NAME = "$(TARGET_NAME)";
				SDKROOT = watchos;
				SKIP_INSTALL = YES;
				SWIFT_EMIT_LOC_STRINGS = YES;
				SWIFT_VERSION = 5.0;
				TARGETED_DEVICE_FAMILY = 4;
				WATCHOS_DEPLOYMENT_TARGET = 11.2;
			};
			name = Debug;
		};
		AA05A6532D36297E004EF7BD /* Release */ = {
			isa = XCBuildConfiguration;
			buildSettings = {
				ASSETCATALOG_COMPILER_APPICON_NAME = AppIcon;
				ASSETCATALOG_COMPILER_GLOBAL_ACCENT_COLOR_NAME = AccentColor;
				CODE_SIGN_STYLE = Automatic;
				CURRENT_PROJECT_VERSION = 1;
				DEVELOPMENT_ASSET_PATHS = "\"vokabular Watch App/Preview Content\"";
				DEVELOPMENT_TEAM = TUM2AVRA9B;
				ENABLE_PREVIEWS = YES;
				GENERATE_INFOPLIST_FILE = YES;
				INFOPLIST_KEY_CFBundleDisplayName = vokabular;
				INFOPLIST_KEY_UISupportedInterfaceOrientations = "UIInterfaceOrientationPortrait UIInterfaceOrientationPortraitUpsideDown";
				INFOPLIST_KEY_WKWatchOnly = YES;
				LD_RUNPATH_SEARCH_PATHS = (
					"$(inherited)",
					"@executable_path/Frameworks",
				);
				MARKETING_VERSION = 1.0;
				PRODUCT_BUNDLE_IDENTIFIER = vokabular.vokabular.watchkitapp;
				PRODUCT_NAME = "$(TARGET_NAME)";
				SDKROOT = watchos;
				SKIP_INSTALL = YES;
				SWIFT_EMIT_LOC_STRINGS = YES;
				SWIFT_VERSION = 5.0;
				TARGETED_DEVICE_FAMILY = 4;
				VALIDATE_PRODUCT = YES;
				WATCHOS_DEPLOYMENT_TARGET = 11.2;
			};
			name = Release;
		};
		AA05A6562D36297E004EF7BD /* Debug */ = {
			isa = XCBuildConfiguration;
			buildSettings = {
				CODE_SIGN_STYLE = Automatic;
				CURRENT_PROJECT_VERSION = 1;
				DEVELOPMENT_TEAM = TUM2AVRA9B;
				INFOPLIST_KEY_CFBundleDisplayName = vokabular;
				MARKETING_VERSION = 1.0;
				PRODUCT_BUNDLE_IDENTIFIER = vokabular.vokabular;
				PRODUCT_NAME = "$(TARGET_NAME)";
				SDKROOT = iphoneos;
				SWIFT_VERSION = 5.0;
			};
			name = Debug;
		};
		AA05A6572D36297E004EF7BD /* Release */ = {
			isa = XCBuildConfiguration;
			buildSettings = {
				CODE_SIGN_STYLE = Automatic;
				CURRENT_PROJECT_VERSION = 1;
				DEVELOPMENT_TEAM = TUM2AVRA9B;
				INFOPLIST_KEY_CFBundleDisplayName = vokabular;
				MARKETING_VERSION = 1.0;
				PRODUCT_BUNDLE_IDENTIFIER = vokabular.vokabular;
				PRODUCT_NAME = "$(TARGET_NAME)";
				SDKROOT = iphoneos;
				SWIFT_VERSION = 5.0;
				VALIDATE_PRODUCT = YES;
			};
			name = Release;
		};
		AA05A6592D36297E004EF7BD /* Debug */ = {
			isa = XCBuildConfiguration;
			buildSettings = {
				BUNDLE_LOADER = "$(TEST_HOST)";
				CODE_SIGN_STYLE = Automatic;
				CURRENT_PROJECT_VERSION = 1;
				DEVELOPMENT_TEAM = TUM2AVRA9B;
				GENERATE_INFOPLIST_FILE = YES;
				MARKETING_VERSION = 1.0;
				PRODUCT_BUNDLE_IDENTIFIER = "vokabular.vokabular-Watch-AppTests";
				PRODUCT_NAME = "$(TARGET_NAME)";
				SDKROOT = watchos;
				SWIFT_EMIT_LOC_STRINGS = NO;
				SWIFT_VERSION = 5.0;
				TARGETED_DEVICE_FAMILY = 4;
				TEST_HOST = "$(BUILT_PRODUCTS_DIR)/vokabular Watch App.app/$(BUNDLE_EXECUTABLE_FOLDER_PATH)/vokabular Watch App";
				WATCHOS_DEPLOYMENT_TARGET = 11.2;
			};
			name = Debug;
		};
		AA05A65A2D36297E004EF7BD /* Release */ = {
			isa = XCBuildConfiguration;
			buildSettings = {
				BUNDLE_LOADER = "$(TEST_HOST)";
				CODE_SIGN_STYLE = Automatic;
				CURRENT_PROJECT_VERSION = 1;
				DEVELOPMENT_TEAM = TUM2AVRA9B;
				GENERATE_INFOPLIST_FILE = YES;
				MARKETING_VERSION = 1.0;
				PRODUCT_BUNDLE_IDENTIFIER = "vokabular.vokabular-Watch-AppTests";
				PRODUCT_NAME = "$(TARGET_NAME)";
				SDKROOT = watchos;
				SWIFT_EMIT_LOC_STRINGS = NO;
				SWIFT_VERSION = 5.0;
				TARGETED_DEVICE_FAMILY = 4;
				TEST_HOST = "$(BUILT_PRODUCTS_DIR)/vokabular Watch App.app/$(BUNDLE_EXECUTABLE_FOLDER_PATH)/vokabular Watch App";
				VALIDATE_PRODUCT = YES;
				WATCHOS_DEPLOYMENT_TARGET = 11.2;
			};
			name = Release;
		};
		AA05A65C2D36297E004EF7BD /* Debug */ = {
			isa = XCBuildConfiguration;
			buildSettings = {
				CODE_SIGN_STYLE = Automatic;
				CURRENT_PROJECT_VERSION = 1;
				DEVELOPMENT_TEAM = TUM2AVRA9B;
				GENERATE_INFOPLIST_FILE = YES;
				MARKETING_VERSION = 1.0;
				PRODUCT_BUNDLE_IDENTIFIER = "vokabular.vokabular-Watch-AppUITests";
				PRODUCT_NAME = "$(TARGET_NAME)";
				SDKROOT = watchos;
				SWIFT_EMIT_LOC_STRINGS = NO;
				SWIFT_VERSION = 5.0;
				TARGETED_DEVICE_FAMILY = 4;
				TEST_TARGET_NAME = "vokabular Watch App";
				WATCHOS_DEPLOYMENT_TARGET = 11.2;
			};
			name = Debug;
		};
		AA05A65D2D36297E004EF7BD /* Release */ = {
			isa = XCBuildConfiguration;
			buildSettings = {
				CODE_SIGN_STYLE = Automatic;
				CURRENT_PROJECT_VERSION = 1;
				DEVELOPMENT_TEAM = TUM2AVRA9B;
				GENERATE_INFOPLIST_FILE = YES;
				MARKETING_VERSION = 1.0;
				PRODUCT_BUNDLE_IDENTIFIER = "vokabular.vokabular-Watch-AppUITests";
				PRODUCT_NAME = "$(TARGET_NAME)";
				SDKROOT = watchos;
				SWIFT_EMIT_LOC_STRINGS = NO;
				SWIFT_VERSION = 5.0;
				TARGETED_DEVICE_FAMILY = 4;
				TEST_TARGET_NAME = "vokabular Watch App";
				VALIDATE_PRODUCT = YES;
				WATCHOS_DEPLOYMENT_TARGET = 11.2;
			};
			name = Release;
		};
/* End XCBuildConfiguration section */

/* Begin XCConfigurationList section */
		AA05A6222D36297C004EF7BD /* Build configuration list for PBXProject "vokabular" */ = {
			isa = XCConfigurationList;
			buildConfigurations = (
				AA05A64F2D36297E004EF7BD /* Debug */,
				AA05A6502D36297E004EF7BD /* Release */,
			);
			defaultConfigurationIsVisible = 0;
			defaultConfigurationName = Release;
		};
		AA05A6512D36297E004EF7BD /* Build configuration list for PBXNativeTarget "vokabular Watch App" */ = {
			isa = XCConfigurationList;
			buildConfigurations = (
				AA05A6522D36297E004EF7BD /* Debug */,
				AA05A6532D36297E004EF7BD /* Release */,
			);
			defaultConfigurationIsVisible = 0;
			defaultConfigurationName = Release;
		};
		AA05A6552D36297E004EF7BD /* Build configuration list for PBXNativeTarget "vokabular" */ = {
			isa = XCConfigurationList;
			buildConfigurations = (
				AA05A6562D36297E004EF7BD /* Debug */,
				AA05A6572D36297E004EF7BD /* Release */,
			);
			defaultConfigurationIsVisible = 0;
			defaultConfigurationName = Release;
		};
		AA05A6582D36297E004EF7BD /* Build configuration list for PBXNativeTarget "vokabular Watch AppTests" */ = {
			isa = XCConfigurationList;
			buildConfigurations = (
				AA05A6592D36297E004EF7BD /* Debug */,
				AA05A65A2D36297E004EF7BD /* Release */,
			);
			defaultConfigurationIsVisible = 0;
			defaultConfigurationName = Release;
		};
		AA05A65B2D36297E004EF7BD /* Build configuration list for PBXNativeTarget "vokabular Watch AppUITests" */ = {
			isa = XCConfigurationList;
			buildConfigurations = (
				AA05A65C2D36297E004EF7BD /* Debug */,
				AA05A65D2D36297E004EF7BD /* Release */,
			);
			defaultConfigurationIsVisible = 0;
			defaultConfigurationName = Release;
		};
/* End XCConfigurationList section */
	};
	rootObject = AA05A61F2D36297C004EF7BD /* Project object */;
}
